
Microsoft Visual Studio Solution File, Format Version 12.00
# Visual Studio Version 17
VisualStudioVersion = 17.8.34330.188
MinimumVisualStudioVersion = 10.0.40219.1
Project("{8BC9CEB8-8B4A-11D0-8D11-00A0C91BC942}") = "WinDXUT", "WinDXUT\WinDXUT.vcxproj", "{075A50BD-E65F-41E2-8D74-3C746D006282}"
EndProject
Global
	GlobalSection(SolutionConfigurationPlatforms) = preSolution
		Debug|x64 = Debug|x64
		Debug|x86 = Debug|x86
		Release|x64 = Release|x64
		Release|x86 = Release|x86
	EndGlobalSection
	GlobalSection(ProjectConfigurationPlatforms) = postSolution
		{075A50BD-E65F-41E2-8D74-3C746D006282}.Debug|x64.ActiveCfg = Debug|x64
		{075A50BD-E65F-41E2-8D74-3C746D006282}.Debug|x64.Build.0 = Debug|x64
		{075A50BD-E65F-41E2-8D74-3C746D006282}.Debug|x86.ActiveCfg = Debug|Win32
		{075A50BD-E65F-41E2-8D74-3C746D006282}.Debug|x86.Build.0 = Debug|Win32
		{075A50BD-E65F-41E2-8D74-3C746D006282}.Release|x64.ActiveCfg = Release|x64
		{075A50BD-E65F-41E2-8D74-3C746D006282}.Release|x64.Build.0 = Release|x64
		{075A50BD-E65F-41E2-8D74-3C746D006282}.Release|x86.ActiveCfg = Release|Win32
		{075A50BD-E65F-41E2-8D74-3C746D006282}.Release|x86.Build.0 = Release|Win32
	EndGlobalSection
	GlobalSection(SolutionProperties) = preSolution
		HideSolutionNode = FALSE
	EndGlobalSection
	GlobalSection(ExtensibilityGlobals) = postSolution
		SolutionGuid = {17B78A47-EF79-4D47-986F-FC66E541CDFB}
	EndGlobalSection
EndGlobal
